{
  "name": "lcu-constants",
  "version": "1.0.0",
  "lockfileVersion": 2,
  "requires": true,
  "packages": {
    "": {
      "name": "lcu-constants",
      "version": "1.0.0",
      "license": "MIT",
      "dependencies": {
        "lol-constants": "^0.10.1"
      }
    },
    "node_modules/lol-constants": {
      "version": "0.10.1",
      "resolved": "https://registry.npmjs.org/lol-constants/-/lol-constants-0.10.1.tgz",
      "integrity": "sha512-cI7hog/5qeARqQqxUkB5Z9I5Nx2tQePip2cl3lvqfmGKQkxeDdUchJmiT04f0xSHhx5Sn9OFsQS40bfRR5orKA=="
    }
  },
  "dependencies": {
    "lol-constants": {
      "version": "0.10.1",
      "resolved": "https://registry.npmjs.org/lol-constants/-/lol-constants-0.10.1.tgz",
      "integrity": "sha512-cI7hog/5qeARqQqxUkB5Z9I5Nx2tQePip2cl3lvqfmGKQkxeDdUchJmiT04f0xSHhx5Sn9OFsQS40bfRR5orKA=="
    }
  }
}
