{
  "name": "lcu-constants",
  "version": "1.0.4",
  "lockfileVersion": 2,
  "requires": true,
  "packages": {
    "": {
      "name": "lcu-constants",
      "version": "1.0.4",
      "license": "MIT",
      "dependencies": {
        "lol-constants": "^1.2.3"
      }
    },
    "node_modules/lol-constants": {
      "version": "1.2.3",
      "resolved": "https://registry.npmjs.org/lol-constants/-/lol-constants-1.2.3.tgz",
      "integrity": "sha512-WszVMCqo5hV8Yq4u2hwBc9ECJ1o+F5ZM6PbAP5TXVtY4RSWS/9iAElF4qQGf032oTuceCkEEtIo0HhXDyaRFhQ=="
    }
  },
  "dependencies": {
    "lol-constants": {
      "version": "1.2.3",
      "resolved": "https://registry.npmjs.org/lol-constants/-/lol-constants-1.2.3.tgz",
      "integrity": "sha512-WszVMCqo5hV8Yq4u2hwBc9ECJ1o+F5ZM6PbAP5TXVtY4RSWS/9iAElF4qQGf032oTuceCkEEtIo0HhXDyaRFhQ=="
    }
  }
}
