{
  "name": "lcu-constants",
  "version": "1.0.3",
  "lockfileVersion": 2,
  "requires": true,
  "packages": {
    "": {
      "name": "lcu-constants",
      "version": "1.0.3",
      "license": "MIT",
      "dependencies": {
        "lol-constants": "^1.1.3"
      }
    },
    "node_modules/lol-constants": {
      "version": "1.1.3",
      "resolved": "https://registry.npmjs.org/lol-constants/-/lol-constants-1.1.3.tgz",
      "integrity": "sha512-FBXCZTXc4TDC4vI7vYWj2mZB9jP4+LhHbBjJ1cJO7XHhRSho/UzMaeJQsCNuFAo3TbPXa0RAPBVSp8M2JVbBBg=="
    }
  },
  "dependencies": {
    "lol-constants": {
      "version": "1.1.3",
      "resolved": "https://registry.npmjs.org/lol-constants/-/lol-constants-1.1.3.tgz",
      "integrity": "sha512-FBXCZTXc4TDC4vI7vYWj2mZB9jP4+LhHbBjJ1cJO7XHhRSho/UzMaeJQsCNuFAo3TbPXa0RAPBVSp8M2JVbBBg=="
    }
  }
}
